lockfileVersion: 5.4

specifiers:
  bootstrap: ^5.3.0
  bootstrap-icons: ^1.11.3
  leaflet: ^1.9.4
  leaflet.heat: ^0.2.0
  resumablejs: ^1.1.0

dependencies:
  bootstrap: 5.3.8
  bootstrap-icons: 1.13.1
  leaflet: 1.9.4
  leaflet.heat: 0.2.0
  resumablejs: 1.1.0

packages:

  /bootstrap-icons/1.13.1:
    resolution: {integrity: sha512-ijombt4v6bv5CLeXvRWKy7CuM3TRTuPEuGaGKvTV5cz65rQSY8RQ2JcHt6b90cBBAC7s8fsf2EkQDldzCoXUjw==}
    dev: false

  /bootstrap/5.3.8:
    resolution: {integrity: sha512-HP1SZDqaLDPwsNiqRqi5NcP0SSXciX2s9E+RyqJIIqGo+vJeN5AJVM98CXmW/Wux0nQ5L7jeWUdplCEf0Ee+tg==}
    peerDependencies:
      '@popperjs/core': ^2.11.8
    dev: false

  /leaflet.heat/0.2.0:
    resolution: {integrity: sha512-Cd5PbAA/rX3X3XKxfDoUGi9qp78FyhWYurFg3nsfhntcM/MCNK08pRkf4iEenO1KNqwVPKCmkyktjW3UD+h9bQ==}
    dev: false

  /leaflet/1.9.4:
    resolution: {integrity: sha512-nxS1ynzJOmOlHp+iL3FyWqK89GtNL8U8rvlMOsQdTTssxZwCXh8N2NB3GDQOL+YR3XnWyZAxwQixURb+FA74PA==}
    dev: false

  /resumablejs/1.1.0:
    resolution: {integrity: sha512-gUTWTtJ2aheRb5svHDGHMtQsBkGxTILpZApT11ODoxEe5D75GhYL7Nc/WYgCcJXY+5RVmm2BEsp2qriCkKWRRg==}
    dev: false
